// !$*UTF8*$!
{
	archiveVersion = 1;
	classes = {
	};
	objectVersion = 46;
	objects = {

/* Begin PBXBuildFile section */
		39B4D9931ACF549800003D47 /* AppDelegate.swift in Sources */ = {isa = PBXBuildFile; fileRef = 39B4D9921ACF549800003D47 /* AppDelegate.swift */; };
		39B4D9951ACF549800003D47 /* ViewController.swift in Sources */ = {isa = PBXBuildFile; fileRef = 39B4D9941ACF549800003D47 /* ViewController.swift */; };
		39B4D9981ACF549800003D47 /* Main.storyboard in Resources */ = {isa = PBXBuildFile; fileRef = 39B4D9961ACF549800003D47 /* Main.storyboard */; };
		39B4D99A1ACF549800003D47 /* Images.xcassets in Resources */ = {isa = PBXBuildFile; fileRef = 39B4D9991ACF549800003D47 /* Images.xcassets */; };
		39B4D99D1ACF549800003D47 /* LaunchScreen.xib in Resources */ = {isa = PBXBuildFile; fileRef = 39B4D99B1ACF549800003D47 /* LaunchScreen.xib */; };
		39B4D9A91ACF549800003D47 /* Coachmarks3Tests.swift in Sources */ = {isa = PBXBuildFile; fileRef = 39B4D9A81ACF549800003D47 /* Coachmarks3Tests.swift */; };
/* End PBXBuildFile section */

/* Begin PBXContainerItemProxy section */
		39B4D9A31ACF549800003D47 /* PBXContainerItemProxy */ = {
			isa = PBXContainerItemProxy;
			containerPortal = 39B4D9851ACF549800003D47 /* Project object */;
			proxyType = 1;
			remoteGlobalIDString = 39B4D98C1ACF549800003D47;
			remoteInfo = Coachmarks3;
		};
/* End PBXContainerItemProxy section */

/* Begin PBXFileReference section */
		39B4D98D1ACF549800003D47 /* Coachmarks3.app */ = {isa = PBXFileReference; explicitFileType = wrapper.application; includeInIndex = 0; path = Coachmarks3.app; sourceTree = BUILT_PRODUCTS_DIR; };
		39B4D9911ACF549800003D47 /* Info.plist */ = {isa = PBXFileReference; lastKnownFileType = text.plist.xml; path = Info.plist; sourceTree = "<group>"; };
		39B4D9921ACF549800003D47 /* AppDelegate.swift */ = {isa = PBXFileReference; lastKnownFileType = sourcecode.swift; path = AppDelegate.swift; sourceTree = "<group>"; };
		39B4D9941ACF549800003D47 /* ViewController.swift */ = {isa = PBXFileReference; lastKnownFileType = sourcecode.swift; path = ViewController.swift; sourceTree = "<group>"; };
		39B4D9971ACF549800003D47 /* Base */ = {isa = PBXFileReference; lastKnownFileType = file.storyboard; name = Base; path = Base.lproj/Main.storyboard; sourceTree = "<group>"; };
		39B4D9991ACF549800003D47 /* Images.xcassets */ = {isa = PBXFileReference; lastKnownFileType = folder.assetcatalog; path = Images.xcassets; sourceTree = "<group>"; };
		39B4D99C1ACF549800003D47 /* Base */ = {isa = PBXFileReference; lastKnownFileType = file.xib; name = Base; path = Base.lproj/LaunchScreen.xib; sourceTree = "<group>"; };
		39B4D9A21ACF549800003D47 /* Coachmarks3Tests.xctest */ = {isa = PBXFileReference; explicitFileType = wrapper.cfbundle; includeInIndex = 0; path = Coachmarks3Tests.xctest; sourceTree = BUILT_PRODUCTS_DIR; };
		39B4D9A71ACF549800003D47 /* Info.plist */ = {isa = PBXFileReference; lastKnownFileType = text.plist.xml; path = Info.plist; sourceTree = "<group>"; };
		39B4D9A81ACF549800003D47 /* Coachmarks3Tests.swift */ = {isa = PBXFileReference; lastKnownFileType = sourcecode.swift; path = Coachmarks3Tests.swift; sourceTree = "<group>"; };
/* End PBXFileReference section */

/* Begin PBXFrameworksBuildPhase section */
		39B4D98A1ACF549800003D47 /* Frameworks */ = {
			isa = PBXFrameworksBuildPhase;
			buildActionMask = 2147483647;
			files = (
			);
			runOnlyForDeploymentPostprocessing = 0;
		};
		39B4D99F1ACF549800003D47 /* Frameworks */ = {
			isa = PBXFrameworksBuildPhase;
			buildActionMask = 2147483647;
			files = (
			);
			runOnlyForDeploymentPostprocessing = 0;
		};
/* End PBXFrameworksBuildPhase section */

/* Begin PBXGroup section */
		39B4D9841ACF549800003D47 = {
			isa = PBXGroup;
			children = (
				39B4D98F1ACF549800003D47 /* Coachmarks3 */,
				39B4D9A51ACF549800003D47 /* Coachmarks3Tests */,
				39B4D98E1ACF549800003D47 /* Products */,
			);
			sourceTree = "<group>";
		};
		39B4D98E1ACF549800003D47 /* Products */ = {
			isa = PBXGroup;
			children = (
				39B4D98D1ACF549800003D47 /* Coachmarks3.app */,
				39B4D9A21ACF549800003D47 /* Coachmarks3Tests.xctest */,
			);
			name = Products;
			sourceTree = "<group>";
		};
		39B4D98F1ACF549800003D47 /* Coachmarks3 */ = {
			isa = PBXGroup;
			children = (
				39B4D9921ACF549800003D47 /* AppDelegate.swift */,
				39B4D9941ACF549800003D47 /* ViewController.swift */,
				39B4D9961ACF549800003D47 /* Main.storyboard */,
				39B4D9991ACF549800003D47 /* Images.xcassets */,
				39B4D99B1ACF549800003D47 /* LaunchScreen.xib */,
				39B4D9901ACF549800003D47 /* Supporting Files */,
			);
			path = Coachmarks3;
			sourceTree = "<group>";
		};
		39B4D9901ACF549800003D47 /* Supporting Files */ = {
			isa = PBXGroup;
			children = (
				39B4D9911ACF549800003D47 /* Info.plist */,
			);
			name = "Supporting Files";
			sourceTree = "<group>";
		};
		39B4D9A51ACF549800003D47 /* Coachmarks3Tests */ = {
			isa = PBXGroup;
			children = (
				39B4D9A81ACF549800003D47 /* Coachmarks3Tests.swift */,
				39B4D9A61ACF549800003D47 /* Supporting Files */,
			);
			path = Coachmarks3Tests;
			sourceTree = "<group>";
		};
		39B4D9A61ACF549800003D47 /* Supporting Files */ = {
			isa = PBXGroup;
			children = (
				39B4D9A71ACF549800003D47 /* Info.plist */,
			);
			name = "Supporting Files";
			sourceTree = "<group>";
		};
/* End PBXGroup section */

/* Begin PBXNativeTarget section */
		39B4D98C1ACF549800003D47 /* Coachmarks3 */ = {
			isa = PBXNativeTarget;
			buildConfigurationList = 39B4D9AC1ACF549800003D47 /* Build configuration list for PBXNativeTarget "Coachmarks3" */;
			buildPhases = (
				39B4D9891ACF549800003D47 /* Sources */,
				39B4D98A1ACF549800003D47 /* Frameworks */,
				39B4D98B1ACF549800003D47 /* Resources */,
			);
			buildRules = (
			);
			dependencies = (
			);
			name = Coachmarks3;
			productName = Coachmarks3;
			productReference = 39B4D98D1ACF549800003D47 /* Coachmarks3.app */;
			productType = "com.apple.product-type.application";
		};
		39B4D9A11ACF549800003D47 /* Coachmarks3Tests */ = {
			isa = PBXNativeTarget;
			buildConfigurationList = 39B4D9AF1ACF549800003D47 /* Build configuration list for PBXNativeTarget "Coachmarks3Tests" */;
			buildPhases = (
				39B4D99E1ACF549800003D47 /* Sources */,
				39B4D99F1ACF549800003D47 /* Frameworks */,
				39B4D9A01ACF549800003D47 /* Resources */,
			);
			buildRules = (
			);
			dependencies = (
				39B4D9A41ACF549800003D47 /* PBXTargetDependency */,
			);
			name = Coachmarks3Tests;
			productName = Coachmarks3Tests;
			productReference = 39B4D9A21ACF549800003D47 /* Coachmarks3Tests.xctest */;
			productType = "com.apple.product-type.bundle.unit-test";
		};
/* End PBXNativeTarget section */

/* Begin PBXProject section */
		39B4D9851ACF549800003D47 /* Project object */ = {
			isa = PBXProject;
			attributes = {
				LastUpgradeCheck = 0620;
				ORGANIZATIONNAME = Heavenstone;
				TargetAttributes = {
					39B4D98C1ACF549800003D47 = {
						CreatedOnToolsVersion = 6.2;
					};
					39B4D9A11ACF549800003D47 = {
						CreatedOnToolsVersion = 6.2;
						TestTargetID = 39B4D98C1ACF549800003D47;
					};
				};
			};
			buildConfigurationList = 39B4D9881ACF549800003D47 /* Build configuration list for PBXProject "Coachmarks3" */;
			compatibilityVersion = "Xcode 3.2";
			developmentRegion = English;
			hasScannedForEncodings = 0;
			knownRegions = (
				en,
				Base,
			);
			mainGroup = 39B4D9841ACF549800003D47;
			productRefGroup = 39B4D98E1ACF549800003D47 /* Products */;
			projectDirPath = "";
			projectRoot = "";
			targets = (
				39B4D98C1ACF549800003D47 /* Coachmarks3 */,
				39B4D9A11ACF549800003D47 /* Coachmarks3Tests */,
			);
		};
/* End PBXProject section */

/* Begin PBXResourcesBuildPhase section */
		39B4D98B1ACF549800003D47 /* Resources */ = {
			isa = PBXResourcesBuildPhase;
			buildActionMask = 2147483647;
			files = (
				39B4D9981ACF549800003D47 /* Main.storyboard in Resources */,
				39B4D99D1ACF549800003D47 /* LaunchScreen.xib in Resources */,
				39B4D99A1ACF549800003D47 /* Images.xcassets in Resources */,
			);
			runOnlyForDeploymentPostprocessing = 0;
		};
		39B4D9A01ACF549800003D47 /* Resources */ = {
			isa = PBXResourcesBuildPhase;
			buildActionMask = 2147483647;
			files = (
			);
			runOnlyForDeploymentPostprocessing = 0;
		};
/* End PBXResourcesBuildPhase section */

/* Begin PBXSourcesBuildPhase section */
		39B4D9891ACF549800003D47 /* Sources */ = {
			isa = PBXSourcesBuildPhase;
			buildActionMask = 2147483647;
			files = (
				39B4D9951ACF549800003D47 /* ViewController.swift in Sources */,
				39B4D9931ACF549800003D47 /* AppDelegate.swift in Sources */,
			);
			runOnlyForDeploymentPostprocessing = 0;
		};
		39B4D99E1ACF549800003D47 /* Sources */ = {
			isa = PBXSourcesBuildPhase;
			buildActionMask = 2147483647;
			files = (
				39B4D9A91ACF549800003D47 /* Coachmarks3Tests.swift in Sources */,
			);
			runOnlyForDeploymentPostprocessing = 0;
		};
/* End PBXSourcesBuildPhase section */

/* Begin PBXTargetDependency section */
		39B4D9A41ACF549800003D47 /* PBXTargetDependency */ = {
			isa = PBXTargetDependency;
			target = 39B4D98C1ACF549800003D47 /* Coachmarks3 */;
			targetProxy = 39B4D9A31ACF549800003D47 /* PBXContainerItemProxy */;
		};
/* End PBXTargetDependency section */

/* Begin PBXVariantGroup section */
		39B4D9961ACF549800003D47 /* Main.storyboard */ = {
			isa = PBXVariantGroup;
			children = (
				39B4D9971ACF549800003D47 /* Base */,
			);
			name = Main.storyboard;
			sourceTree = "<group>";
		};
		39B4D99B1ACF549800003D47 /* LaunchScreen.xib */ = {
			isa = PBXVariantGroup;
			children = (
				39B4D99C1ACF549800003D47 /* Base */,
			);
			name = LaunchScreen.xib;
			sourceTree = "<group>";
		};
/* End PBXVariantGroup section */

/* Begin XCBuildConfiguration section */
		39B4D9AA1ACF549800003D47 /* Debug */ = {
			isa = XCBuildConfiguration;
			buildSettings = {
				ALWAYS_SEARCH_USER_PATHS = NO;
				CLANG_CXX_LANGUAGE_STANDARD = "gnu++0x";
				CLANG_CXX_LIBRARY = "libc++";
				CLANG_ENABLE_MODULES = YES;
				CLANG_ENABLE_OBJC_ARC = YES;
				CLANG_WARN_BOOL_CONVERSION = YES;
				CLANG_WARN_CONSTANT_CONVERSION = YES;
				CLANG_WARN_DIRECT_OBJC_ISA_USAGE = YES_ERROR;
				CLANG_WARN_EMPTY_BODY = YES;
				CLANG_WARN_ENUM_CONVERSION = YES;
				CLANG_WARN_INT_CONVERSION = YES;
				CLANG_WARN_OBJC_ROOT_CLASS = YES_ERROR;
				CLANG_WARN_UNREACHABLE_CODE = YES;
				CLANG_WARN__DUPLICATE_METHOD_MATCH = YES;
				"CODE_SIGN_IDENTITY[sdk=iphoneos*]" = "iPhone Developer";
				COPY_PHASE_STRIP = NO;
				ENABLE_STRICT_OBJC_MSGSEND = YES;
				GCC_C_LANGUAGE_STANDARD = gnu99;
				GCC_DYNAMIC_NO_PIC = NO;
				GCC_OPTIMIZATION_LEVEL = 0;
				GCC_PREPROCESSOR_DEFINITIONS = (
					"DEBUG=1",
					"$(inherited)",
				);
				GCC_SYMBOLS_PRIVATE_EXTERN = NO;
				GCC_WARN_64_TO_32_BIT_CONVERSION = YES;
				GCC_WARN_ABOUT_RETURN_TYPE = YES_ERROR;
				GCC_WARN_UNDECLARED_SELECTOR = YES;
				GCC_WARN_UNINITIALIZED_AUTOS = YES_AGGRESSIVE;
				GCC_WARN_UNUSED_FUNCTION = YES;
				GCC_WARN_UNUSED_VARIABLE = YES;
				IPHONEOS_DEPLOYMENT_TARGET = 8.2;
				MTL_ENABLE_DEBUG_INFO = YES;
				ONLY_ACTIVE_ARCH = YES;
				SDKROOT = iphoneos;
				SWIFT_OPTIMIZATION_LEVEL = "-Onone";
			};
			name = Debug;
		};
		39B4D9AB1ACF549800003D47 /* Release */ = {
			isa = XCBuildConfiguration;
			buildSettings = {
				ALWAYS_SEARCH_USER_PATHS = NO;
				CLANG_CXX_LANGUAGE_STANDARD = "gnu++0x";
				CLANG_CXX_LIBRARY = "libc++";
				CLANG_ENABLE_MODULES = YES;
				CLANG_ENABLE_OBJC_ARC = YES;
				CLANG_WARN_BOOL_CONVERSION = YES;
				CLANG_WARN_CONSTANT_CONVERSION = YES;
				CLANG_WARN_DIRECT_OBJC_ISA_USAGE = YES_ERROR;
				CLANG_WARN_EMPTY_BODY = YES;
				CLANG_WARN_ENUM_CONVERSION = YES;
				CLANG_WARN_INT_CONVERSION = YES;
				CLANG_WARN_OBJC_ROOT_CLASS = YES_ERROR;
				CLANG_WARN_UNREACHABLE_CODE = YES;
				CLANG_WARN__DUPLICATE_METHOD_MATCH = YES;
				"CODE_SIGN_IDENTITY[sdk=iphoneos*]" = "iPhone Developer";
				COPY_PHASE_STRIP = NO;
				ENABLE_NS_ASSERTIONS = NO;
				ENABLE_STRICT_OBJC_MSGSEND = YES;
				GCC_C_LANGUAGE_STANDARD = gnu99;
				GCC_WARN_64_TO_32_BIT_CONVERSION = YES;
				GCC_WARN_ABOUT_RETURN_TYPE = YES_ERROR;
				GCC_WARN_UNDECLARED_SELECTOR = YES;
				GCC_WARN_UNINITIALIZED_AUTOS = YES_AGGRESSIVE;
				GCC_WARN_UNUSED_FUNCTION = YES;
				GCC_WARN_UNUSED_VARIABLE = YES;
				IPHONEOS_DEPLOYMENT_TARGET = 8.2;
				MTL_ENABLE_DEBUG_INFO = NO;
				SDKROOT = iphoneos;
				VALIDATE_PRODUCT = YES;
			};
			name = Release;
		};
		39B4D9AD1ACF549800003D47 /* Debug */ = {
			isa = XCBuildConfiguration;
			buildSettings = {
				ASSETCATALOG_COMPILER_APPICON_NAME = AppIcon;
				INFOPLIST_FILE = Coachmarks3/Info.plist;
				LD_RUNPATH_SEARCH_PATHS = "$(inherited) @executable_path/Frameworks";
				PRODUCT_NAME = "$(TARGET_NAME)";
			};
			name = Debug;
		};
		39B4D9AE1ACF549800003D47 /* Release */ = {
			isa = XCBuildConfiguration;
			buildSettings = {
				ASSETCATALOG_COMPILER_APPICON_NAME = AppIcon;
				INFOPLIST_FILE = Coachmarks3/Info.plist;
				LD_RUNPATH_SEARCH_PATHS = "$(inherited) @executable_path/Frameworks";
				PRODUCT_NAME = "$(TARGET_NAME)";
			};
			name = Release;
		};
		39B4D9B01ACF549800003D47 /* Debug */ = {
			isa = XCBuildConfiguration;
			buildSettings = {
				BUNDLE_LOADER = "$(TEST_HOST)";
				FRAMEWORK_SEARCH_PATHS = (
					"$(SDKROOT)/Developer/Library/Frameworks",
					"$(inherited)",
				);
				GCC_PREPROCESSOR_DEFINITIONS = (
					"DEBUG=1",
					"$(inherited)",
				);
				INFOPLIST_FILE = Coachmarks3Tests/Info.plist;
				LD_RUNPATH_SEARCH_PATHS = "$(inherited) @executable_path/Frameworks @loader_path/Frameworks";
				PRODUCT_NAME = "$(TARGET_NAME)";
				TEST_HOST = "$(BUILT_PRODUCTS_DIR)/Coachmarks3.app/Coachmarks3";
			};
			name = Debug;
		};
		39B4D9B11ACF549800003D47 /* Release */ = {
			isa = XCBuildConfiguration;
			buildSettings = {
				BUNDLE_LOADER = "$(TEST_HOST)";
				FRAMEWORK_SEARCH_PATHS = (
					"$(SDKROOT)/Developer/Library/Frameworks",
					"$(inherited)",
				);
				INFOPLIST_FILE = Coachmarks3Tests/Info.plist;
				LD_RUNPATH_SEARCH_PATHS = "$(inherited) @executable_path/Frameworks @loader_path/Frameworks";
				PRODUCT_NAME = "$(TARGET_NAME)";
				TEST_HOST = "$(BUILT_PRODUCTS_DIR)/Coachmarks3.app/Coachmarks3";
			};
			name = Release;
		};
/* End XCBuildConfiguration section */

/* Begin XCConfigurationList section */
		39B4D9881ACF549800003D47 /* Build configuration list for PBXProject "Coachmarks3" */ = {
			isa = XCConfigurationList;
			buildConfigurations = (
				39B4D9AA1ACF549800003D47 /* Debug */,
				39B4D9AB1ACF549800003D47 /* Release */,
			);
			defaultConfigurationIsVisible = 0;
			defaultConfigurationName = Release;
		};
		39B4D9AC1ACF549800003D47 /* Build configuration list for PBXNativeTarget "Coachmarks3" */ = {
			isa = XCConfigurationList;
			buildConfigurations = (
				39B4D9AD1ACF549800003D47 /* Debug */,
				39B4D9AE1ACF549800003D47 /* Release */,
			);
			defaultConfigurationIsVisible = 0;
		};
		39B4D9AF1ACF549800003D47 /* Build configuration list for PBXNativeTarget "Coachmarks3Tests" */ = {
			isa = XCConfigurationList;
			buildConfigurations = (
				39B4D9B01ACF549800003D47 /* Debug */,
				39B4D9B11ACF549800003D47 /* Release */,
			);
			defaultConfigurationIsVisible = 0;
		};
/* End XCConfigurationList section */
	};
	rootObject = 39B4D9851ACF549800003D47 /* Project object */;
}
